Microsoft Visual Studio Solution File, Format Version 12.00
# Visual Studio Version 17
VisualStudioVersion = 17.5.2.0
MinimumVisualStudioVersion = 10.0.40219.1
Project("{2150E333-8FDC-42A3-9474-1A3956D46DE8}") = "Domain", "Domain", "{996CEBED-A05B-5D42-3FF0-982E087A2599}"
EndProject
Project("{2150E333-8FDC-42A3-9474-1A3956D46DE8}") = "ApiGateway", "ApiGateway", "{25D181DD-5CC9-F0B3-C64F-91E1AA77FD70}"
EndProject
Project("{2150E333-8FDC-42A3-9474-1A3956D46DE8}") = "Repository", "Repository", "{809DC6B5-E81F-0E22-2970-83A1D55AAEA1}"
EndProject
Project("{2150E333-8FDC-42A3-9474-1A3956D46DE8}") = "Services", "Services", "{5854FF58-B8C5-05C6-5BF2-ACE42193F22B}"
EndProject
Project("{FAE04EC0-301F-11D3-BF4B-00C04F79EFBC}") = "P360.Domain", "Domain\P360.Domain\P360.Domain.csproj", "{1CE178D9-A934-74EF-E018-FA0FFAE51C9F}"
EndProject
Project("{FAE04EC0-301F-11D3-BF4B-00C04F79EFBC}") = "P360.ApiGateway", "ApiGateway\P360.ApiGateway\P360.ApiGateway.csproj", "{6DD56D3C-D265-64C5-0CA0-8C823F13E6B9}"
EndProject
Project("{FAE04EC0-301F-11D3-BF4B-00C04F79EFBC}") = "P360.Repository", "Repository\P360.Repository\P360.Repository.csproj", "{E8D4C266-2F3B-B44C-61B8-6980326BD91D}"
EndProject
Project("{2150E333-8FDC-42A3-9474-1A3956D46DE8}") = "UserAccount", "UserAccount", "{81DF20AD-B579-BFE3-AF48-B9CE0CEB6977}"
EndProject
Project("{2150E333-8FDC-42A3-9474-1A3956D46DE8}") = "Domain", "Domain", "{C23F9B89-54F8-3372-ADBF-9F4A7E30287C}"
EndProject
Project("{FAE04EC0-301F-11D3-BF4B-00C04F79EFBC}") = "P360.UserAccount.Domain", "Services\UserAccount\Domain\P360.UserAccount.Domain\P360.UserAccount.Domain.csproj", "{1B81C115-E5C5-ACB9-E729-4F25C19E09D8}"
EndProject
Project("{2150E333-8FDC-42A3-9474-1A3956D46DE8}") = "Repository", "Repository", "{CFF7DF15-CF44-1ABD-5E3F-B658C0E8D036}"
EndProject
Project("{FAE04EC0-301F-11D3-BF4B-00C04F79EFBC}") = "P360.UserAccount.Repository", "Services\UserAccount\Repository\P360.UserAccount.Repository\P360.UserAccount.Repository.csproj", "{2D037532-F356-FE24-9BFA-C95F622BC395}"
EndProject
Project("{2150E333-8FDC-42A3-9474-1A3956D46DE8}") = "Api", "Api", "{36B6ECFB-1F21-AEBB-05A8-C42FB7F57C16}"
EndProject
Project("{FAE04EC0-301F-11D3-BF4B-00C04F79EFBC}") = "P360.UserAccount.Api", "Services\UserAccount\Api\P360.UserAccount.Api\P360.UserAccount.Api.csproj", "{378B44EF-78CE-67EF-36AA-90D9D3ED4C85}"
EndProject
Project("{2150E333-8FDC-42A3-9474-1A3956D46DE8}") = "Project", "Project", "{112D1549-81FF-2AB5-2573-E33346924026}"
EndProject
Project("{2150E333-8FDC-42A3-9474-1A3956D46DE8}") = "Domain", "Domain", "{00183EF7-C054-A486-0CD3-DABC62260123}"
EndProject
Project("{FAE04EC0-301F-11D3-BF4B-00C04F79EFBC}") = "P360.Project.Domain", "Services\Project\Domain\P360.Project.Domain\P360.Project.Domain.csproj", "{FCBC098A-2686-19C3-CE19-5979E0313694}"
EndProject
Project("{2150E333-8FDC-42A3-9474-1A3956D46DE8}") = "Repository", "Repository", "{B0E616E8-8BFE-E8B8-7702-87192DBA036C}"
EndProject
Project("{FAE04EC0-301F-11D3-BF4B-00C04F79EFBC}") = "P360.Project.Repository", "Services\Project\Repository\P360.Project.Repository\P360.Project.Repository.csproj", "{FB6DB0CB-D04D-9884-920E-01CAD282DF0B}"
EndProject
Project("{2150E333-8FDC-42A3-9474-1A3956D46DE8}") = "Api", "Api", "{553C1C6D-E3D7-2FC8-53C7-D70F7672805D}"
EndProject
Project("{FAE04EC0-301F-11D3-BF4B-00C04F79EFBC}") = "P360.Project.Api", "Services\Project\Api\P360.Project.Api\P360.Project.Api.csproj", "{3AFFB3CF-ABB5-2C1A-5268-0C151A60898B}"
EndProject
Global
	GlobalSection(SolutionConfigurationPlatforms) = preSolution
		Debug|Any CPU = Debug|Any CPU
		Release|Any CPU = Release|Any CPU
	EndGlobalSection
	GlobalSection(ProjectConfigurationPlatforms) = postSolution
		{1CE178D9-A934-74EF-E018-FA0FFAE51C9F}.Debug|Any CPU.ActiveCfg = Debug|Any CPU
		{1CE178D9-A934-74EF-E018-FA0FFAE51C9F}.Debug|Any CPU.Build.0 = Debug|Any CPU
		{1CE178D9-A934-74EF-E018-FA0FFAE51C9F}.Release|Any CPU.ActiveCfg = Release|Any CPU
		{1CE178D9-A934-74EF-E018-FA0FFAE51C9F}.Release|Any CPU.Build.0 = Release|Any CPU
		{6DD56D3C-D265-64C5-0CA0-8C823F13E6B9}.Debug|Any CPU.ActiveCfg = Debug|Any CPU
		{6DD56D3C-D265-64C5-0CA0-8C823F13E6B9}.Debug|Any CPU.Build.0 = Debug|Any CPU
		{6DD56D3C-D265-64C5-0CA0-8C823F13E6B9}.Release|Any CPU.ActiveCfg = Release|Any CPU
		{6DD56D3C-D265-64C5-0CA0-8C823F13E6B9}.Release|Any CPU.Build.0 = Release|Any CPU
		{E8D4C266-2F3B-B44C-61B8-6980326BD91D}.Debug|Any CPU.ActiveCfg = Debug|Any CPU
		{E8D4C266-2F3B-B44C-61B8-6980326BD91D}.Debug|Any CPU.Build.0 = Debug|Any CPU
		{E8D4C266-2F3B-B44C-61B8-6980326BD91D}.Release|Any CPU.ActiveCfg = Release|Any CPU
		{E8D4C266-2F3B-B44C-61B8-6980326BD91D}.Release|Any CPU.Build.0 = Release|Any CPU
		{1B81C115-E5C5-ACB9-E729-4F25C19E09D8}.Debug|Any CPU.ActiveCfg = Debug|Any CPU
		{1B81C115-E5C5-ACB9-E729-4F25C19E09D8}.Debug|Any CPU.Build.0 = Debug|Any CPU
		{1B81C115-E5C5-ACB9-E729-4F25C19E09D8}.Release|Any CPU.ActiveCfg = Release|Any CPU
		{1B81C115-E5C5-ACB9-E729-4F25C19E09D8}.Release|Any CPU.Build.0 = Release|Any CPU
		{2D037532-F356-FE24-9BFA-C95F622BC395}.Debug|Any CPU.ActiveCfg = Debug|Any CPU
		{2D037532-F356-FE24-9BFA-C95F622BC395}.Debug|Any CPU.Build.0 = Debug|Any CPU
		{2D037532-F356-FE24-9BFA-C95F622BC395}.Release|Any CPU.ActiveCfg = Release|Any CPU
		{2D037532-F356-FE24-9BFA-C95F622BC395}.Release|Any CPU.Build.0 = Release|Any CPU
		{378B44EF-78CE-67EF-36AA-90D9D3ED4C85}.Debug|Any CPU.ActiveCfg = Debug|Any CPU
		{378B44EF-78CE-67EF-36AA-90D9D3ED4C85}.Debug|Any CPU.Build.0 = Debug|Any CPU
		{378B44EF-78CE-67EF-36AA-90D9D3ED4C85}.Release|Any CPU.ActiveCfg = Release|Any CPU
		{378B44EF-78CE-67EF-36AA-90D9D3ED4C85}.Release|Any CPU.Build.0 = Release|Any CPU
		{FCBC098A-2686-19C3-CE19-5979E0313694}.Debug|Any CPU.ActiveCfg = Debug|Any CPU
		{FCBC098A-2686-19C3-CE19-5979E0313694}.Debug|Any CPU.Build.0 = Debug|Any CPU
		{FCBC098A-2686-19C3-CE19-5979E0313694}.Release|Any CPU.ActiveCfg = Release|Any CPU
		{FCBC098A-2686-19C3-CE19-5979E0313694}.Release|Any CPU.Build.0 = Release|Any CPU
		{FB6DB0CB-D04D-9884-920E-01CAD282DF0B}.Debug|Any CPU.ActiveCfg = Debug|Any CPU
		{FB6DB0CB-D04D-9884-920E-01CAD282DF0B}.Debug|Any CPU.Build.0 = Debug|Any CPU
		{FB6DB0CB-D04D-9884-920E-01CAD282DF0B}.Release|Any CPU.ActiveCfg = Release|Any CPU
		{FB6DB0CB-D04D-9884-920E-01CAD282DF0B}.Release|Any CPU.Build.0 = Release|Any CPU
		{3AFFB3CF-ABB5-2C1A-5268-0C151A60898B}.Debug|Any CPU.ActiveCfg = Debug|Any CPU
		{3AFFB3CF-ABB5-2C1A-5268-0C151A60898B}.Debug|Any CPU.Build.0 = Debug|Any CPU
		{3AFFB3CF-ABB5-2C1A-5268-0C151A60898B}.Release|Any CPU.ActiveCfg = Release|Any CPU
		{3AFFB3CF-ABB5-2C1A-5268-0C151A60898B}.Release|Any CPU.Build.0 = Release|Any CPU
	EndGlobalSection
	GlobalSection(SolutionProperties) = preSolution
		HideSolutionNode = FALSE
	EndGlobalSection
	GlobalSection(NestedProjects) = preSolution
		{1CE178D9-A934-74EF-E018-FA0FFAE51C9F} = {996CEBED-A05B-5D42-3FF0-982E087A2599}
		{6DD56D3C-D265-64C5-0CA0-8C823F13E6B9} = {25D181DD-5CC9-F0B3-C64F-91E1AA77FD70}
		{E8D4C266-2F3B-B44C-61B8-6980326BD91D} = {809DC6B5-E81F-0E22-2970-83A1D55AAEA1}
		{81DF20AD-B579-BFE3-AF48-B9CE0CEB6977} = {5854FF58-B8C5-05C6-5BF2-ACE42193F22B}
		{C23F9B89-54F8-3372-ADBF-9F4A7E30287C} = {81DF20AD-B579-BFE3-AF48-B9CE0CEB6977}
		{1B81C115-E5C5-ACB9-E729-4F25C19E09D8} = {C23F9B89-54F8-3372-ADBF-9F4A7E30287C}
		{CFF7DF15-CF44-1ABD-5E3F-B658C0E8D036} = {81DF20AD-B579-BFE3-AF48-B9CE0CEB6977}
		{2D037532-F356-FE24-9BFA-C95F622BC395} = {CFF7DF15-CF44-1ABD-5E3F-B658C0E8D036}
		{36B6ECFB-1F21-AEBB-05A8-C42FB7F57C16} = {81DF20AD-B579-BFE3-AF48-B9CE0CEB6977}
		{378B44EF-78CE-67EF-36AA-90D9D3ED4C85} = {36B6ECFB-1F21-AEBB-05A8-C42FB7F57C16}
		{112D1549-81FF-2AB5-2573-E33346924026} = {5854FF58-B8C5-05C6-5BF2-ACE42193F22B}
		{00183EF7-C054-A486-0CD3-DABC62260123} = {112D1549-81FF-2AB5-2573-E33346924026}
		{FCBC098A-2686-19C3-CE19-5979E0313694} = {00183EF7-C054-A486-0CD3-DABC62260123}
		{B0E616E8-8BFE-E8B8-7702-87192DBA036C} = {112D1549-81FF-2AB5-2573-E33346924026}
		{FB6DB0CB-D04D-9884-920E-01CAD282DF0B} = {B0E616E8-8BFE-E8B8-7702-87192DBA036C}
		{553C1C6D-E3D7-2FC8-53C7-D70F7672805D} = {112D1549-81FF-2AB5-2573-E33346924026}
		{3AFFB3CF-ABB5-2C1A-5268-0C151A60898B} = {553C1C6D-E3D7-2FC8-53C7-D70F7672805D}
	EndGlobalSection
	GlobalSection(ExtensibilityGlobals) = postSolution
		SolutionGuid = {5E515CFC-B33D-4789-BB0F-DFD9C335C07B}
	EndGlobalSection
EndGlobal
