Microsoft Visual Studio Solution File, Format Version 12.00
# Visual Studio Version 17
VisualStudioVersion = 17.5.2.0
MinimumVisualStudioVersion = 10.0.40219.1
Project("{2150E333-8FDC-42A3-9474-1A3956D46DE8}") = "Domain", "Domain", "{996CEBED-A05B-5D42-3FF0-982E087A2599}"
EndProject
Project("{2150E333-8FDC-42A3-9474-1A3956D46DE8}") = "ApiGateway", "ApiGateway", "{25D181DD-5CC9-F0B3-C64F-91E1AA77FD70}"
EndProject
Project("{2150E333-8FDC-42A3-9474-1A3956D46DE8}") = "Repository", "Repository", "{809DC6B5-E81F-0E22-2970-83A1D55AAEA1}"
EndProject
Project("{2150E333-8FDC-42A3-9474-1A3956D46DE8}") = "Services", "Services", "{5854FF58-B8C5-05C6-5BF2-ACE42193F22B}"
EndProject
Project("{FAE04EC0-301F-11D3-BF4B-00C04F79EFBC}") = "A360.Domain", "Domain\A360.Domain\A360.Domain.csproj", "{1CE178D9-A934-74EF-E018-FA0FFAE51C9F}"
EndProject
Project("{FAE04EC0-301F-11D3-BF4B-00C04F79EFBC}") = "A360.ApiGateway", "ApiGateway\A360.ApiGateway\A360.ApiGateway.csproj", "{6DD56D3C-D265-64C5-0CA0-8C823F13E6B9}"
EndProject
Project("{FAE04EC0-301F-11D3-BF4B-00C04F79EFBC}") = "A360.Repository", "Repository\A360.Repository\A360.Repository.csproj", "{E8D4C266-2F3B-B44C-61B8-6980326BD91D}"
EndProject
Project("{2150E333-8FDC-42A3-9474-1A3956D46DE8}") = "UserAccount", "UserAccount", "{81DF20AD-B579-BFE3-AF48-B9CE0CEB6977}"
EndProject
Project("{2150E333-8FDC-42A3-9474-1A3956D46DE8}") = "Domain", "Domain", "{C23F9B89-54F8-3372-ADBF-9F4A7E30287C}"
EndProject
Project("{FAE04EC0-301F-11D3-BF4B-00C04F79EFBC}") = "A360.UserAccount.Domain", "Services\UserAccount\Domain\A360.UserAccount.Domain\A360.UserAccount.Domain.csproj", "{1B81C115-E5C5-ACB9-E729-4F25C19E09D8}"
EndProject
Project("{2150E333-8FDC-42A3-9474-1A3956D46DE8}") = "Repository", "Repository", "{CFF7DF15-CF44-1ABD-5E3F-B658C0E8D036}"
EndProject
Project("{FAE04EC0-301F-11D3-BF4B-00C04F79EFBC}") = "A360.UserAccount.Repository", "Services\UserAccount\Repository\A360.UserAccount.Repository\A360.UserAccount.Repository.csproj", "{2D037532-F356-FE24-9BFA-C95F622BC395}"
EndProject
Project("{2150E333-8FDC-42A3-9474-1A3956D46DE8}") = "Api", "Api", "{36B6ECFB-1F21-AEBB-05A8-C42FB7F57C16}"
EndProject
Project("{FAE04EC0-301F-11D3-BF4B-00C04F79EFBC}") = "A360.UserAccount.Api", "Services\UserAccount\Api\A360.UserAccount.Api\A360.UserAccount.Api.csproj", "{378B44EF-78CE-67EF-36AA-90D9D3ED4C85}"
EndProject
Project("{2150E333-8FDC-42A3-9474-1A3956D46DE8}") = "Project", "Project", "{112D1549-81FF-2AB5-2573-E33346924026}"
EndProject
Project("{2150E333-8FDC-42A3-9474-1A3956D46DE8}") = "Domain", "Domain", "{00183EF7-C054-A486-0CD3-DABC62260123}"
EndProject
Project("{FAE04EC0-301F-11D3-BF4B-00C04F79EFBC}") = "A360.Project.Domain", "Services\Project\Domain\A360.Project.Domain\A360.Project.Domain.csproj", "{FCBC098A-2686-19C3-CE19-5979E0313694}"
EndProject
Project("{2150E333-8FDC-42A3-9474-1A3956D46DE8}") = "Repository", "Repository", "{B0E616E8-8BFE-E8B8-7702-87192DBA036C}"
EndProject
Project("{FAE04EC0-301F-11D3-BF4B-00C04F79EFBC}") = "A360.Project.Repository", "Services\Project\Repository\A360.Project.Repository\A360.Project.Repository.csproj", "{FB6DB0CB-D04D-9884-920E-01CAD282DF0B}"
EndProject
Project("{2150E333-8FDC-42A3-9474-1A3956D46DE8}") = "Api", "Api", "{553C1C6D-E3D7-2FC8-53C7-D70F7672805D}"
EndProject
Project("{FAE04EC0-301F-11D3-BF4B-00C04F79EFBC}") = "A360.Project.Api", "Services\Project\Api\A360.Project.Api\A360.Project.Api.csproj", "{3AFFB3CF-ABB5-2C1A-5268-0C151A60898B}"
EndProject
Project("{2150E333-8FDC-42A3-9474-1A3956D46DE8}") = "Asset", "Asset", "{86F34B32-45CC-4D7F-A678-5A7F3ADAD0FA}"
EndProject
Project("{2150E333-8FDC-42A3-9474-1A3956D46DE8}") = "Domain", "Domain", "{D5D79B39-13EF-4693-90A5-8CBB8E31CB1F}"
EndProject
Project("{FAE04EC0-301F-11D3-BF4B-00C04F79EFBC}") = "A360.Asset.Domain", "Services\Asset\Domain\A360.Asset.Domain\A360.Asset.Domain.csproj", "{E90224B5-7F77-4787-B5FB-D730F558E464}"
EndProject
Project("{2150E333-8FDC-42A3-9474-1A3956D46DE8}") = "Repository", "Repository", "{24B5559F-480A-47B7-9978-B3126367A324}"
EndProject
Project("{FAE04EC0-301F-11D3-BF4B-00C04F79EFBC}") = "A360.Asset.Repository", "Services\Asset\Repository\A360.Asset.Repository\A360.Asset.Repository.csproj", "{F3AFA30D-6B20-4893-B58E-65594B4CCE8C}"
EndProject
Project("{2150E333-8FDC-42A3-9474-1A3956D46DE8}") = "Api", "Api", "{13ADBDC9-C40C-4371-BC20-9655365D8DB2}"
EndProject
Project("{FAE04EC0-301F-11D3-BF4B-00C04F79EFBC}") = "A360.Asset.Api", "Services\Asset\Api\A360.Asset.Api\A360.Asset.Api.csproj", "{6614E9C2-610B-4DEA-96D0-B575DD528C9A}"
EndProject
Project("{2150E333-8FDC-42A3-9474-1A3956D46DE8}") = "MasterManagement", "MasterManagement", "{6BC48BEE-09D2-4F88-B98C-3F87E6262A63}"
EndProject
Project("{2150E333-8FDC-42A3-9474-1A3956D46DE8}") = "Domain", "Domain", "{BE6CDED5-24DF-42F8-AC88-D810EAFA2C93}"
EndProject
Project("{FAE04EC0-301F-11D3-BF4B-00C04F79EFBC}") = "A360.MasterManagement.Domain", "Services\MasterManagement\Domain\A360.MasterManagement.Domain\A360.MasterManagement.Domain.csproj", "{F0E13830-4B23-41C9-926A-7A42180E1421}"
EndProject
Project("{2150E333-8FDC-42A3-9474-1A3956D46DE8}") = "Repository", "Repository", "{B0C2DF04-1D4E-4DDD-B30B-2D01294576EE}"
EndProject
Project("{FAE04EC0-301F-11D3-BF4B-00C04F79EFBC}") = "A360.MasterManagement.Repository", "Services\MasterManagement\Repository\A360.MasterManagement.Repository\A360.MasterManagement.Repository.csproj", "{A3616300-0697-46A9-86C5-2FB987DF6E12}"
EndProject
Project("{2150E333-8FDC-42A3-9474-1A3956D46DE8}") = "Api", "Api", "{4FC0C1F1-BCAD-4CE3-AA3C-1CEEBFF788E7}"
EndProject
Project("{FAE04EC0-301F-11D3-BF4B-00C04F79EFBC}") = "A360.MasterManagement.Api", "Services\MasterManagement\Api\A360.MasterManagement.Api\A360.MasterManagement.Api.csproj", "{28FCA396-A8BE-4368-B025-D005C10C5B94}"
EndProject
Global
	GlobalSection(SolutionConfigurationPlatforms) = preSolution
		Debug|Any CPU = Debug|Any CPU
		Release|Any CPU = Release|Any CPU
	EndGlobalSection
	GlobalSection(ProjectConfigurationPlatforms) = postSolution
		{1CE178D9-A934-74EF-E018-FA0FFAE51C9F}.Debug|Any CPU.ActiveCfg = Debug|Any CPU
		{1CE178D9-A934-74EF-E018-FA0FFAE51C9F}.Debug|Any CPU.Build.0 = Debug|Any CPU
		{1CE178D9-A934-74EF-E018-FA0FFAE51C9F}.Release|Any CPU.ActiveCfg = Release|Any CPU
		{1CE178D9-A934-74EF-E018-FA0FFAE51C9F}.Release|Any CPU.Build.0 = Release|Any CPU
		{6DD56D3C-D265-64C5-0CA0-8C823F13E6B9}.Debug|Any CPU.ActiveCfg = Debug|Any CPU
		{6DD56D3C-D265-64C5-0CA0-8C823F13E6B9}.Debug|Any CPU.Build.0 = Debug|Any CPU
		{6DD56D3C-D265-64C5-0CA0-8C823F13E6B9}.Release|Any CPU.ActiveCfg = Release|Any CPU
		{6DD56D3C-D265-64C5-0CA0-8C823F13E6B9}.Release|Any CPU.Build.0 = Release|Any CPU
		{E8D4C266-2F3B-B44C-61B8-6980326BD91D}.Debug|Any CPU.ActiveCfg = Debug|Any CPU
		{E8D4C266-2F3B-B44C-61B8-6980326BD91D}.Debug|Any CPU.Build.0 = Debug|Any CPU
		{E8D4C266-2F3B-B44C-61B8-6980326BD91D}.Release|Any CPU.ActiveCfg = Release|Any CPU
		{E8D4C266-2F3B-B44C-61B8-6980326BD91D}.Release|Any CPU.Build.0 = Release|Any CPU
		{1B81C115-E5C5-ACB9-E729-4F25C19E09D8}.Debug|Any CPU.ActiveCfg = Debug|Any CPU
		{1B81C115-E5C5-ACB9-E729-4F25C19E09D8}.Debug|Any CPU.Build.0 = Debug|Any CPU
		{1B81C115-E5C5-ACB9-E729-4F25C19E09D8}.Release|Any CPU.ActiveCfg = Release|Any CPU
		{1B81C115-E5C5-ACB9-E729-4F25C19E09D8}.Release|Any CPU.Build.0 = Release|Any CPU
		{2D037532-F356-FE24-9BFA-C95F622BC395}.Debug|Any CPU.ActiveCfg = Debug|Any CPU
		{2D037532-F356-FE24-9BFA-C95F622BC395}.Debug|Any CPU.Build.0 = Debug|Any CPU
		{2D037532-F356-FE24-9BFA-C95F622BC395}.Release|Any CPU.ActiveCfg = Release|Any CPU
		{2D037532-F356-FE24-9BFA-C95F622BC395}.Release|Any CPU.Build.0 = Release|Any CPU
		{378B44EF-78CE-67EF-36AA-90D9D3ED4C85}.Debug|Any CPU.ActiveCfg = Debug|Any CPU
		{378B44EF-78CE-67EF-36AA-90D9D3ED4C85}.Debug|Any CPU.Build.0 = Debug|Any CPU
		{378B44EF-78CE-67EF-36AA-90D9D3ED4C85}.Release|Any CPU.ActiveCfg = Release|Any CPU
		{378B44EF-78CE-67EF-36AA-90D9D3ED4C85}.Release|Any CPU.Build.0 = Release|Any CPU
		{FCBC098A-2686-19C3-CE19-5979E0313694}.Debug|Any CPU.ActiveCfg = Debug|Any CPU
		{FCBC098A-2686-19C3-CE19-5979E0313694}.Debug|Any CPU.Build.0 = Debug|Any CPU
		{FCBC098A-2686-19C3-CE19-5979E0313694}.Release|Any CPU.ActiveCfg = Release|Any CPU
		{FCBC098A-2686-19C3-CE19-5979E0313694}.Release|Any CPU.Build.0 = Release|Any CPU
		{FB6DB0CB-D04D-9884-920E-01CAD282DF0B}.Debug|Any CPU.ActiveCfg = Debug|Any CPU
		{FB6DB0CB-D04D-9884-920E-01CAD282DF0B}.Debug|Any CPU.Build.0 = Debug|Any CPU
		{FB6DB0CB-D04D-9884-920E-01CAD282DF0B}.Release|Any CPU.ActiveCfg = Release|Any CPU
		{FB6DB0CB-D04D-9884-920E-01CAD282DF0B}.Release|Any CPU.Build.0 = Release|Any CPU
		{3AFFB3CF-ABB5-2C1A-5268-0C151A60898B}.Debug|Any CPU.ActiveCfg = Debug|Any CPU
		{3AFFB3CF-ABB5-2C1A-5268-0C151A60898B}.Debug|Any CPU.Build.0 = Debug|Any CPU
		{3AFFB3CF-ABB5-2C1A-5268-0C151A60898B}.Release|Any CPU.ActiveCfg = Release|Any CPU
		{3AFFB3CF-ABB5-2C1A-5268-0C151A60898B}.Release|Any CPU.Build.0 = Release|Any CPU
		{E90224B5-7F77-4787-B5FB-D730F558E464}.Debug|Any CPU.ActiveCfg = Debug|Any CPU
		{E90224B5-7F77-4787-B5FB-D730F558E464}.Debug|Any CPU.Build.0 = Debug|Any CPU
		{E90224B5-7F77-4787-B5FB-D730F558E464}.Release|Any CPU.ActiveCfg = Release|Any CPU
		{E90224B5-7F77-4787-B5FB-D730F558E464}.Release|Any CPU.Build.0 = Release|Any CPU
		{F3AFA30D-6B20-4893-B58E-65594B4CCE8C}.Debug|Any CPU.ActiveCfg = Debug|Any CPU
		{F3AFA30D-6B20-4893-B58E-65594B4CCE8C}.Debug|Any CPU.Build.0 = Debug|Any CPU
		{F3AFA30D-6B20-4893-B58E-65594B4CCE8C}.Release|Any CPU.ActiveCfg = Release|Any CPU
		{F3AFA30D-6B20-4893-B58E-65594B4CCE8C}.Release|Any CPU.Build.0 = Release|Any CPU
		{6614E9C2-610B-4DEA-96D0-B575DD528C9A}.Debug|Any CPU.ActiveCfg = Debug|Any CPU
		{6614E9C2-610B-4DEA-96D0-B575DD528C9A}.Debug|Any CPU.Build.0 = Debug|Any CPU
		{6614E9C2-610B-4DEA-96D0-B575DD528C9A}.Release|Any CPU.ActiveCfg = Release|Any CPU
		{6614E9C2-610B-4DEA-96D0-B575DD528C9A}.Release|Any CPU.Build.0 = Release|Any CPU
		{F0E13830-4B23-41C9-926A-7A42180E1421}.Debug|Any CPU.ActiveCfg = Debug|Any CPU
		{F0E13830-4B23-41C9-926A-7A42180E1421}.Debug|Any CPU.Build.0 = Debug|Any CPU
		{F0E13830-4B23-41C9-926A-7A42180E1421}.Release|Any CPU.ActiveCfg = Release|Any CPU
		{F0E13830-4B23-41C9-926A-7A42180E1421}.Release|Any CPU.Build.0 = Release|Any CPU
		{A3616300-0697-46A9-86C5-2FB987DF6E12}.Debug|Any CPU.ActiveCfg = Debug|Any CPU
		{A3616300-0697-46A9-86C5-2FB987DF6E12}.Debug|Any CPU.Build.0 = Debug|Any CPU
		{A3616300-0697-46A9-86C5-2FB987DF6E12}.Release|Any CPU.ActiveCfg = Release|Any CPU
		{A3616300-0697-46A9-86C5-2FB987DF6E12}.Release|Any CPU.Build.0 = Release|Any CPU
		{28FCA396-A8BE-4368-B025-D005C10C5B94}.Debug|Any CPU.ActiveCfg = Debug|Any CPU
		{28FCA396-A8BE-4368-B025-D005C10C5B94}.Debug|Any CPU.Build.0 = Debug|Any CPU
		{28FCA396-A8BE-4368-B025-D005C10C5B94}.Release|Any CPU.ActiveCfg = Release|Any CPU
		{28FCA396-A8BE-4368-B025-D005C10C5B94}.Release|Any CPU.Build.0 = Release|Any CPU
	EndGlobalSection
	GlobalSection(SolutionProperties) = preSolution
		HideSolutionNode = FALSE
	EndGlobalSection
	GlobalSection(NestedProjects) = preSolution
		{1CE178D9-A934-74EF-E018-FA0FFAE51C9F} = {996CEBED-A05B-5D42-3FF0-982E087A2599}
		{6DD56D3C-D265-64C5-0CA0-8C823F13E6B9} = {25D181DD-5CC9-F0B3-C64F-91E1AA77FD70}
		{E8D4C266-2F3B-B44C-61B8-6980326BD91D} = {809DC6B5-E81F-0E22-2970-83A1D55AAEA1}
		{81DF20AD-B579-BFE3-AF48-B9CE0CEB6977} = {5854FF58-B8C5-05C6-5BF2-ACE42193F22B}
		{C23F9B89-54F8-3372-ADBF-9F4A7E30287C} = {81DF20AD-B579-BFE3-AF48-B9CE0CEB6977}
		{1B81C115-E5C5-ACB9-E729-4F25C19E09D8} = {C23F9B89-54F8-3372-ADBF-9F4A7E30287C}
		{CFF7DF15-CF44-1ABD-5E3F-B658C0E8D036} = {81DF20AD-B579-BFE3-AF48-B9CE0CEB6977}
		{2D037532-F356-FE24-9BFA-C95F622BC395} = {CFF7DF15-CF44-1ABD-5E3F-B658C0E8D036}
		{36B6ECFB-1F21-AEBB-05A8-C42FB7F57C16} = {81DF20AD-B579-BFE3-AF48-B9CE0CEB6977}
		{378B44EF-78CE-67EF-36AA-90D9D3ED4C85} = {36B6ECFB-1F21-AEBB-05A8-C42FB7F57C16}
		{112D1549-81FF-2AB5-2573-E33346924026} = {5854FF58-B8C5-05C6-5BF2-ACE42193F22B}
		{00183EF7-C054-A486-0CD3-DABC62260123} = {112D1549-81FF-2AB5-2573-E33346924026}
		{FCBC098A-2686-19C3-CE19-5979E0313694} = {00183EF7-C054-A486-0CD3-DABC62260123}
		{B0E616E8-8BFE-E8B8-7702-87192DBA036C} = {112D1549-81FF-2AB5-2573-E33346924026}
		{FB6DB0CB-D04D-9884-920E-01CAD282DF0B} = {B0E616E8-8BFE-E8B8-7702-87192DBA036C}
		{553C1C6D-E3D7-2FC8-53C7-D70F7672805D} = {112D1549-81FF-2AB5-2573-E33346924026}
		{3AFFB3CF-ABB5-2C1A-5268-0C151A60898B} = {553C1C6D-E3D7-2FC8-53C7-D70F7672805D}
		{86F34B32-45CC-4D7F-A678-5A7F3ADAD0FA} = {5854FF58-B8C5-05C6-5BF2-ACE42193F22B}
		{D5D79B39-13EF-4693-90A5-8CBB8E31CB1F} = {86F34B32-45CC-4D7F-A678-5A7F3ADAD0FA}
		{E90224B5-7F77-4787-B5FB-D730F558E464} = {D5D79B39-13EF-4693-90A5-8CBB8E31CB1F}
		{24B5559F-480A-47B7-9978-B3126367A324} = {86F34B32-45CC-4D7F-A678-5A7F3ADAD0FA}
		{F3AFA30D-6B20-4893-B58E-65594B4CCE8C} = {24B5559F-480A-47B7-9978-B3126367A324}
		{13ADBDC9-C40C-4371-BC20-9655365D8DB2} = {86F34B32-45CC-4D7F-A678-5A7F3ADAD0FA}
		{6614E9C2-610B-4DEA-96D0-B575DD528C9A} = {13ADBDC9-C40C-4371-BC20-9655365D8DB2}
		{6BC48BEE-09D2-4F88-B98C-3F87E6262A63} = {5854FF58-B8C5-05C6-5BF2-ACE42193F22B}
		{BE6CDED5-24DF-42F8-AC88-D810EAFA2C93} = {6BC48BEE-09D2-4F88-B98C-3F87E6262A63}
		{F0E13830-4B23-41C9-926A-7A42180E1421} = {BE6CDED5-24DF-42F8-AC88-D810EAFA2C93}
		{B0C2DF04-1D4E-4DDD-B30B-2D01294576EE} = {6BC48BEE-09D2-4F88-B98C-3F87E6262A63}
		{A3616300-0697-46A9-86C5-2FB987DF6E12} = {B0C2DF04-1D4E-4DDD-B30B-2D01294576EE}
		{4FC0C1F1-BCAD-4CE3-AA3C-1CEEBFF788E7} = {6BC48BEE-09D2-4F88-B98C-3F87E6262A63}
		{28FCA396-A8BE-4368-B025-D005C10C5B94} = {4FC0C1F1-BCAD-4CE3-AA3C-1CEEBFF788E7}
	EndGlobalSection
	GlobalSection(ExtensibilityGlobals) = postSolution
		SolutionGuid = {5E515CFC-B33D-4789-BB0F-DFD9C335C07B}
	EndGlobalSection
EndGlobal
