Microsoft Visual Studio Solution File, Format Version 12.00
# Visual Studio Version 17
VisualStudioVersion = 17.5.2.0
MinimumVisualStudioVersion = 10.0.40219.1
Project("{2150E333-8FDC-42A3-9474-1A3956D46DE8}") = "Domain", "Domain", "{996CEBED-A05B-5D42-3FF0-982E087A2599}"
EndProject
Project("{2150E333-8FDC-42A3-9474-1A3956D46DE8}") = "ApiGateway", "ApiGateway", "{25D181DD-5CC9-F0B3-C64F-91E1AA77FD70}"
EndProject
Project("{2150E333-8FDC-42A3-9474-1A3956D46DE8}") = "Repository", "Repository", "{809DC6B5-E81F-0E22-2970-83A1D55AAEA1}"
EndProject
Project("{2150E333-8FDC-42A3-9474-1A3956D46DE8}") = "Services", "Services", "{5854FF58-B8C5-05C6-5BF2-ACE42193F22B}"
EndProject
Project("{FAE04EC0-301F-11D3-BF4B-00C04F79EFBC}") = "A360.Domain", "Domain\A360.Domain\A360.Domain.csproj", "{1CE178D9-A934-74EF-E018-FA0FFAE51C9F}"
EndProject
Project("{FAE04EC0-301F-11D3-BF4B-00C04F79EFBC}") = "A360.ApiGateway", "ApiGateway\A360.ApiGateway\A360.ApiGateway.csproj", "{6DD56D3C-D265-64C5-0CA0-8C823F13E6B9}"
EndProject
Project("{FAE04EC0-301F-11D3-BF4B-00C04F79EFBC}") = "A360.Repository", "Repository\A360.Repository\A360.Repository.csproj", "{E8D4C266-2F3B-B44C-61B8-6980326BD91D}"
EndProject
Project("{2150E333-8FDC-42A3-9474-1A3956D46DE8}") = "UserAccount", "UserAccount", "{81DF20AD-B579-BFE3-AF48-B9CE0CEB6977}"
EndProject
Project("{2150E333-8FDC-42A3-9474-1A3956D46DE8}") = "Domain", "Domain", "{C23F9B89-54F8-3372-ADBF-9F4A7E30287C}"
EndProject
Project("{FAE04EC0-301F-11D3-BF4B-00C04F79EFBC}") = "A360.UserAccount.Domain", "Services\UserAccount\Domain\A360.UserAccount.Domain\A360.UserAccount.Domain.csproj", "{1B81C115-E5C5-ACB9-E729-4F25C19E09D8}"
EndProject
Project("{2150E333-8FDC-42A3-9474-1A3956D46DE8}") = "Repository", "Repository", "{CFF7DF15-CF44-1ABD-5E3F-B658C0E8D036}"
EndProject
Project("{FAE04EC0-301F-11D3-BF4B-00C04F79EFBC}") = "A360.UserAccount.Repository", "Services\UserAccount\Repository\A360.UserAccount.Repository\A360.UserAccount.Repository.csproj", "{2D037532-F356-FE24-9BFA-C95F622BC395}"
EndProject
Project("{2150E333-8FDC-42A3-9474-1A3956D46DE8}") = "Api", "Api", "{36B6ECFB-1F21-AEBB-05A8-C42FB7F57C16}"
EndProject
Project("{FAE04EC0-301F-11D3-BF4B-00C04F79EFBC}") = "A360.UserAccount.Api", "Services\UserAccount\Api\A360.UserAccount.Api\A360.UserAccount.Api.csproj", "{378B44EF-78CE-67EF-36AA-90D9D3ED4C85}"
EndProject
Project("{2150E333-8FDC-42A3-9474-1A3956D46DE8}") = "Project", "Project", "{112D1549-81FF-2AB5-2573-E33346924026}"
EndProject
Project("{2150E333-8FDC-42A3-9474-1A3956D46DE8}") = "Domain", "Domain", "{00183EF7-C054-A486-0CD3-DABC62260123}"
EndProject
Project("{FAE04EC0-301F-11D3-BF4B-00C04F79EFBC}") = "A360.Project.Domain", "Services\Project\Domain\A360.Project.Domain\A360.Project.Domain.csproj", "{FCBC098A-2686-19C3-CE19-5979E0313694}"
EndProject
Project("{2150E333-8FDC-42A3-9474-1A3956D46DE8}") = "Repository", "Repository", "{B0E616E8-8BFE-E8B8-7702-87192DBA036C}"
EndProject
Project("{FAE04EC0-301F-11D3-BF4B-00C04F79EFBC}") = "A360.Project.Repository", "Services\Project\Repository\A360.Project.Repository\A360.Project.Repository.csproj", "{FB6DB0CB-D04D-9884-920E-01CAD282DF0B}"
EndProject
Project("{2150E333-8FDC-42A3-9474-1A3956D46DE8}") = "Api", "Api", "{553C1C6D-E3D7-2FC8-53C7-D70F7672805D}"
EndProject
Project("{FAE04EC0-301F-11D3-BF4B-00C04F79EFBC}") = "A360.Project.Api", "Services\Project\Api\A360.Project.Api\A360.Project.Api.csproj", "{3AFFB3CF-ABB5-2C1A-5268-0C151A60898B}"
EndProject
Project("{2150E333-8FDC-42A3-9474-1A3956D46DE8}") = "Asset", "Asset", "{86F34B32-45CC-4D7F-A678-5A7F3ADAD0FA}"
EndProject
Project("{2150E333-8FDC-42A3-9474-1A3956D46DE8}") = "Domain", "Domain", "{D5D79B39-13EF-4693-90A5-8CBB8E31CB1F}"
EndProject
Project("{FAE04EC0-301F-11D3-BF4B-00C04F79EFBC}") = "A360.Asset.Domain", "Services\Asset\Domain\A360.Asset.Domain\A360.Asset.Domain.csproj", "{E90224B5-7F77-4787-B5FB-D730F558E464}"
EndProject
Project("{2150E333-8FDC-42A3-9474-1A3956D46DE8}") = "Repository", "Repository", "{24B5559F-480A-47B7-9978-B3126367A324}"
EndProject
Project("{FAE04EC0-301F-11D3-BF4B-00C04F79EFBC}") = "A360.Asset.Repository", "Services\Asset\Repository\A360.Asset.Repository\A360.Asset.Repository.csproj", "{F3AFA30D-6B20-4893-B58E-65594B4CCE8C}"
EndProject
Project("{2150E333-8FDC-42A3-9474-1A3956D46DE8}") = "Api", "Api", "{13ADBDC9-C40C-4371-BC20-9655365D8DB2}"
EndProject
Project("{FAE04EC0-301F-11D3-BF4B-00C04F79EFBC}") = "A360.Asset.Api", "Services\Asset\Api\A360.Asset.Api\A360.Asset.Api.csproj", "{6614E9C2-610B-4DEA-96D0-B575DD528C9A}"
EndProject
Project("{2150E333-8FDC-42A3-9474-1A3956D46DE8}") = "MasterManagement", "MasterManagement", "{6BC48BEE-09D2-4F88-B98C-3F87E6262A63}"
EndProject
Project("{2150E333-8FDC-42A3-9474-1A3956D46DE8}") = "Domain", "Domain", "{BE6CDED5-24DF-42F8-AC88-D810EAFA2C93}"
EndProject
Project("{FAE04EC0-301F-11D3-BF4B-00C04F79EFBC}") = "A360.MasterManagement.Domain", "Services\MasterManagement\Domain\A360.MasterManagement.Domain\A360.MasterManagement.Domain.csproj", "{F0E13830-4B23-41C9-926A-7A42180E1421}"
EndProject
Project("{2150E333-8FDC-42A3-9474-1A3956D46DE8}") = "Repository", "Repository", "{B0C2DF04-1D4E-4DDD-B30B-2D01294576EE}"
EndProject
Project("{FAE04EC0-301F-11D3-BF4B-00C04F79EFBC}") = "A360.MasterManagement.Repository", "Services\MasterManagement\Repository\A360.MasterManagement.Repository\A360.MasterManagement.Repository.csproj", "{A3616300-0697-46A9-86C5-2FB987DF6E12}"
EndProject
Project("{2150E333-8FDC-42A3-9474-1A3956D46DE8}") = "Api", "Api", "{4FC0C1F1-BCAD-4CE3-AA3C-1CEEBFF788E7}"
EndProject
Project("{FAE04EC0-301F-11D3-BF4B-00C04F79EFBC}") = "A360.MasterManagement.Api", "Services\MasterManagement\Api\A360.MasterManagement.Api\A360.MasterManagement.Api.csproj", "{28FCA396-A8BE-4368-B025-D005C10C5B94}"
EndProject
Project("{2150E333-8FDC-42A3-9474-1A3956D46DE8}") = "Inspection", "Inspection", "{E9D4AC60-F65E-46D3-8E58-46981754A2BD}"
EndProject
Project("{2150E333-8FDC-42A3-9474-1A3956D46DE8}") = "Domain", "Domain", "{F162B805-69CC-4A6D-A704-CBAC5D74AD32}"
EndProject
Project("{FAE04EC0-301F-11D3-BF4B-00C04F79EFBC}") = "A360.Inspection.Domain", "Services\Inspection\Domain\A360.Inspection.Domain\A360.Inspection.Domain.csproj", "{C787A9D5-E2E5-4BEC-94E4-20F2D998EBAA}"
EndProject
Project("{2150E333-8FDC-42A3-9474-1A3956D46DE8}") = "Repository", "Repository", "{5FB9DD02-D18F-4C32-A7BB-13BCD172146C}"
EndProject
Project("{FAE04EC0-301F-11D3-BF4B-00C04F79EFBC}") = "A360.Inspection.Repository", "Services\Inspection\Repository\A360.Inspection.Repository\A360.Inspection.Repository.csproj", "{B5185B39-10E9-4EA9-841A-2BB941696877}"
EndProject
Project("{2150E333-8FDC-42A3-9474-1A3956D46DE8}") = "Api", "Api", "{5F5229B6-FD43-42D0-B54F-DB140CA1C65B}"
EndProject
Project("{FAE04EC0-301F-11D3-BF4B-00C04F79EFBC}") = "A360.Inspection.Api", "Services\Inspection\Api\A360.Inspection.Api\A360.Inspection.Api.csproj", "{B7FD2E9D-0C82-4291-9739-984681FC8DDA}"
EndProject
Project("{2150E333-8FDC-42A3-9474-1A3956D46DE8}") = "Devices", "Devices", "{1DFEAC03-CCDE-4F41-9C0B-08C953B3CA6F}"
EndProject
Project("{2150E333-8FDC-42A3-9474-1A3956D46DE8}") = "Domain", "Domain", "{30510A3B-C558-4DC7-8630-D8280B343BAB}"
EndProject
Project("{FAE04EC0-301F-11D3-BF4B-00C04F79EFBC}") = "A360.Device.Domain", "Services\Devices\Domain\A360.Device.Domain\A360.Device.Domain.csproj", "{6D0C7B1E-2D06-44CE-9C3E-9F77CADC2B7C}"
EndProject
Project("{2150E333-8FDC-42A3-9474-1A3956D46DE8}") = "Repository", "Repository", "{B5B804CC-2279-4355-92FD-A15A581FC6A8}"
EndProject
Project("{FAE04EC0-301F-11D3-BF4B-00C04F79EFBC}") = "A360.Device.Repository", "Services\Devices\Repository\A360.Device.Repository\A360.Device.Repository.csproj", "{AD89AE01-15EC-479F-BC1D-578B70DE9F3F}"
EndProject
Project("{2150E333-8FDC-42A3-9474-1A3956D46DE8}") = "Api", "Api", "{8E4B9FA8-A6B8-46AC-A2BF-FEE44C930AF6}"
EndProject
Project("{FAE04EC0-301F-11D3-BF4B-00C04F79EFBC}") = "A360.Device.Api", "Services\Devices\Api\A360.Device.Api\A360.Device.Api.csproj", "{51850860-2457-4499-B087-01BDC1208982}"
EndProject
Project("{2150E333-8FDC-42A3-9474-1A3956D46DE8}") = "Media", "Media", "{7A600105-5212-43D9-9852-789CF82CD319}"
EndProject
Project("{FAE04EC0-301F-11D3-BF4B-00C04F79EFBC}") = "A360.Media.Client", "Media\A360.Media.Client\A360.Media.Client.csproj", "{88D3717B-7E70-409D-88A9-10F3E78BCAE4}"
EndProject
Project("{2150E333-8FDC-42A3-9474-1A3956D46DE8}") = "Media", "Media", "{9AB9144C-96FE-4D75-80A1-62ABC5571D8E}"
EndProject
Project("{2150E333-8FDC-42A3-9474-1A3956D46DE8}") = "Api", "Api", "{273F9B19-AD48-4727-AB20-9F62968FFD3D}"
EndProject
Project("{FAE04EC0-301F-11D3-BF4B-00C04F79EFBC}") = "A360.Media.Api", "Services\Media\Api\A360.Media.Api\A360.Media.Api.csproj", "{EFFC1048-64DE-40BF-806D-7C1AECCD3D12}"
EndProject
Project("{2150E333-8FDC-42A3-9474-1A3956D46DE8}") = "EventLog", "EventLog", "{A712A501-3C2C-4CB0-95D5-D9D53EAC253F}"
EndProject
Project("{2150E333-8FDC-42A3-9474-1A3956D46DE8}") = "Api", "Api", "{A5394856-8629-4F96-B7DB-990C6027918D}"
EndProject
Project("{FAE04EC0-301F-11D3-BF4B-00C04F79EFBC}") = "A360.EventLog.Api", "Services\EventLog\Api\A360.EventLog.Api\A360.EventLog.Api.csproj", "{B6550E49-7CC6-4A19-967F-B69A26388A75}"
EndProject
Global
	GlobalSection(SolutionConfigurationPlatforms) = preSolution
		Debug|Any CPU = Debug|Any CPU
		Release|Any CPU = Release|Any CPU
	EndGlobalSection
	GlobalSection(ProjectConfigurationPlatforms) = postSolution
		{1CE178D9-A934-74EF-E018-FA0FFAE51C9F}.Debug|Any CPU.ActiveCfg = Debug|Any CPU
		{1CE178D9-A934-74EF-E018-FA0FFAE51C9F}.Debug|Any CPU.Build.0 = Debug|Any CPU
		{1CE178D9-A934-74EF-E018-FA0FFAE51C9F}.Release|Any CPU.ActiveCfg = Release|Any CPU
		{1CE178D9-A934-74EF-E018-FA0FFAE51C9F}.Release|Any CPU.Build.0 = Release|Any CPU
		{6DD56D3C-D265-64C5-0CA0-8C823F13E6B9}.Debug|Any CPU.ActiveCfg = Debug|Any CPU
		{6DD56D3C-D265-64C5-0CA0-8C823F13E6B9}.Debug|Any CPU.Build.0 = Debug|Any CPU
		{6DD56D3C-D265-64C5-0CA0-8C823F13E6B9}.Release|Any CPU.ActiveCfg = Release|Any CPU
		{6DD56D3C-D265-64C5-0CA0-8C823F13E6B9}.Release|Any CPU.Build.0 = Release|Any CPU
		{E8D4C266-2F3B-B44C-61B8-6980326BD91D}.Debug|Any CPU.ActiveCfg = Debug|Any CPU
		{E8D4C266-2F3B-B44C-61B8-6980326BD91D}.Debug|Any CPU.Build.0 = Debug|Any CPU
		{E8D4C266-2F3B-B44C-61B8-6980326BD91D}.Release|Any CPU.ActiveCfg = Release|Any CPU
		{E8D4C266-2F3B-B44C-61B8-6980326BD91D}.Release|Any CPU.Build.0 = Release|Any CPU
		{1B81C115-E5C5-ACB9-E729-4F25C19E09D8}.Debug|Any CPU.ActiveCfg = Debug|Any CPU
		{1B81C115-E5C5-ACB9-E729-4F25C19E09D8}.Debug|Any CPU.Build.0 = Debug|Any CPU
		{1B81C115-E5C5-ACB9-E729-4F25C19E09D8}.Release|Any CPU.ActiveCfg = Release|Any CPU
		{1B81C115-E5C5-ACB9-E729-4F25C19E09D8}.Release|Any CPU.Build.0 = Release|Any CPU
		{2D037532-F356-FE24-9BFA-C95F622BC395}.Debug|Any CPU.ActiveCfg = Debug|Any CPU
		{2D037532-F356-FE24-9BFA-C95F622BC395}.Debug|Any CPU.Build.0 = Debug|Any CPU
		{2D037532-F356-FE24-9BFA-C95F622BC395}.Release|Any CPU.ActiveCfg = Release|Any CPU
		{2D037532-F356-FE24-9BFA-C95F622BC395}.Release|Any CPU.Build.0 = Release|Any CPU
		{378B44EF-78CE-67EF-36AA-90D9D3ED4C85}.Debug|Any CPU.ActiveCfg = Debug|Any CPU
		{378B44EF-78CE-67EF-36AA-90D9D3ED4C85}.Debug|Any CPU.Build.0 = Debug|Any CPU
		{378B44EF-78CE-67EF-36AA-90D9D3ED4C85}.Release|Any CPU.ActiveCfg = Release|Any CPU
		{378B44EF-78CE-67EF-36AA-90D9D3ED4C85}.Release|Any CPU.Build.0 = Release|Any CPU
		{FCBC098A-2686-19C3-CE19-5979E0313694}.Debug|Any CPU.ActiveCfg = Debug|Any CPU
		{FCBC098A-2686-19C3-CE19-5979E0313694}.Debug|Any CPU.Build.0 = Debug|Any CPU
		{FCBC098A-2686-19C3-CE19-5979E0313694}.Release|Any CPU.ActiveCfg = Release|Any CPU
		{FCBC098A-2686-19C3-CE19-5979E0313694}.Release|Any CPU.Build.0 = Release|Any CPU
		{FB6DB0CB-D04D-9884-920E-01CAD282DF0B}.Debug|Any CPU.ActiveCfg = Debug|Any CPU
		{FB6DB0CB-D04D-9884-920E-01CAD282DF0B}.Debug|Any CPU.Build.0 = Debug|Any CPU
		{FB6DB0CB-D04D-9884-920E-01CAD282DF0B}.Release|Any CPU.ActiveCfg = Release|Any CPU
		{FB6DB0CB-D04D-9884-920E-01CAD282DF0B}.Release|Any CPU.Build.0 = Release|Any CPU
		{3AFFB3CF-ABB5-2C1A-5268-0C151A60898B}.Debug|Any CPU.ActiveCfg = Debug|Any CPU
		{3AFFB3CF-ABB5-2C1A-5268-0C151A60898B}.Debug|Any CPU.Build.0 = Debug|Any CPU
		{3AFFB3CF-ABB5-2C1A-5268-0C151A60898B}.Release|Any CPU.ActiveCfg = Release|Any CPU
		{3AFFB3CF-ABB5-2C1A-5268-0C151A60898B}.Release|Any CPU.Build.0 = Release|Any CPU
		{E90224B5-7F77-4787-B5FB-D730F558E464}.Debug|Any CPU.ActiveCfg = Debug|Any CPU
		{E90224B5-7F77-4787-B5FB-D730F558E464}.Debug|Any CPU.Build.0 = Debug|Any CPU
		{E90224B5-7F77-4787-B5FB-D730F558E464}.Release|Any CPU.ActiveCfg = Release|Any CPU
		{E90224B5-7F77-4787-B5FB-D730F558E464}.Release|Any CPU.Build.0 = Release|Any CPU
		{F3AFA30D-6B20-4893-B58E-65594B4CCE8C}.Debug|Any CPU.ActiveCfg = Debug|Any CPU
		{F3AFA30D-6B20-4893-B58E-65594B4CCE8C}.Debug|Any CPU.Build.0 = Debug|Any CPU
		{F3AFA30D-6B20-4893-B58E-65594B4CCE8C}.Release|Any CPU.ActiveCfg = Release|Any CPU
		{F3AFA30D-6B20-4893-B58E-65594B4CCE8C}.Release|Any CPU.Build.0 = Release|Any CPU
		{6614E9C2-610B-4DEA-96D0-B575DD528C9A}.Debug|Any CPU.ActiveCfg = Debug|Any CPU
		{6614E9C2-610B-4DEA-96D0-B575DD528C9A}.Debug|Any CPU.Build.0 = Debug|Any CPU
		{6614E9C2-610B-4DEA-96D0-B575DD528C9A}.Release|Any CPU.ActiveCfg = Release|Any CPU
		{6614E9C2-610B-4DEA-96D0-B575DD528C9A}.Release|Any CPU.Build.0 = Release|Any CPU
		{F0E13830-4B23-41C9-926A-7A42180E1421}.Debug|Any CPU.ActiveCfg = Debug|Any CPU
		{F0E13830-4B23-41C9-926A-7A42180E1421}.Debug|Any CPU.Build.0 = Debug|Any CPU
		{F0E13830-4B23-41C9-926A-7A42180E1421}.Release|Any CPU.ActiveCfg = Release|Any CPU
		{F0E13830-4B23-41C9-926A-7A42180E1421}.Release|Any CPU.Build.0 = Release|Any CPU
		{A3616300-0697-46A9-86C5-2FB987DF6E12}.Debug|Any CPU.ActiveCfg = Debug|Any CPU
		{A3616300-0697-46A9-86C5-2FB987DF6E12}.Debug|Any CPU.Build.0 = Debug|Any CPU
		{A3616300-0697-46A9-86C5-2FB987DF6E12}.Release|Any CPU.ActiveCfg = Release|Any CPU
		{A3616300-0697-46A9-86C5-2FB987DF6E12}.Release|Any CPU.Build.0 = Release|Any CPU
		{28FCA396-A8BE-4368-B025-D005C10C5B94}.Debug|Any CPU.ActiveCfg = Debug|Any CPU
		{28FCA396-A8BE-4368-B025-D005C10C5B94}.Debug|Any CPU.Build.0 = Debug|Any CPU
		{28FCA396-A8BE-4368-B025-D005C10C5B94}.Release|Any CPU.ActiveCfg = Release|Any CPU
		{28FCA396-A8BE-4368-B025-D005C10C5B94}.Release|Any CPU.Build.0 = Release|Any CPU
		{C787A9D5-E2E5-4BEC-94E4-20F2D998EBAA}.Debug|Any CPU.ActiveCfg = Debug|Any CPU
		{C787A9D5-E2E5-4BEC-94E4-20F2D998EBAA}.Debug|Any CPU.Build.0 = Debug|Any CPU
		{C787A9D5-E2E5-4BEC-94E4-20F2D998EBAA}.Release|Any CPU.ActiveCfg = Release|Any CPU
		{C787A9D5-E2E5-4BEC-94E4-20F2D998EBAA}.Release|Any CPU.Build.0 = Release|Any CPU
		{B5185B39-10E9-4EA9-841A-2BB941696877}.Debug|Any CPU.ActiveCfg = Debug|Any CPU
		{B5185B39-10E9-4EA9-841A-2BB941696877}.Debug|Any CPU.Build.0 = Debug|Any CPU
		{B5185B39-10E9-4EA9-841A-2BB941696877}.Release|Any CPU.ActiveCfg = Release|Any CPU
		{B5185B39-10E9-4EA9-841A-2BB941696877}.Release|Any CPU.Build.0 = Release|Any CPU
		{B7FD2E9D-0C82-4291-9739-984681FC8DDA}.Debug|Any CPU.ActiveCfg = Debug|Any CPU
		{B7FD2E9D-0C82-4291-9739-984681FC8DDA}.Debug|Any CPU.Build.0 = Debug|Any CPU
		{B7FD2E9D-0C82-4291-9739-984681FC8DDA}.Release|Any CPU.ActiveCfg = Release|Any CPU
		{B7FD2E9D-0C82-4291-9739-984681FC8DDA}.Release|Any CPU.Build.0 = Release|Any CPU
		{6D0C7B1E-2D06-44CE-9C3E-9F77CADC2B7C}.Debug|Any CPU.ActiveCfg = Debug|Any CPU
		{6D0C7B1E-2D06-44CE-9C3E-9F77CADC2B7C}.Debug|Any CPU.Build.0 = Debug|Any CPU
		{6D0C7B1E-2D06-44CE-9C3E-9F77CADC2B7C}.Release|Any CPU.ActiveCfg = Release|Any CPU
		{6D0C7B1E-2D06-44CE-9C3E-9F77CADC2B7C}.Release|Any CPU.Build.0 = Release|Any CPU
		{AD89AE01-15EC-479F-BC1D-578B70DE9F3F}.Debug|Any CPU.ActiveCfg = Debug|Any CPU
		{AD89AE01-15EC-479F-BC1D-578B70DE9F3F}.Debug|Any CPU.Build.0 = Debug|Any CPU
		{AD89AE01-15EC-479F-BC1D-578B70DE9F3F}.Release|Any CPU.ActiveCfg = Release|Any CPU
		{AD89AE01-15EC-479F-BC1D-578B70DE9F3F}.Release|Any CPU.Build.0 = Release|Any CPU
		{51850860-2457-4499-B087-01BDC1208982}.Debug|Any CPU.ActiveCfg = Debug|Any CPU
		{51850860-2457-4499-B087-01BDC1208982}.Debug|Any CPU.Build.0 = Debug|Any CPU
		{51850860-2457-4499-B087-01BDC1208982}.Release|Any CPU.ActiveCfg = Release|Any CPU
		{51850860-2457-4499-B087-01BDC1208982}.Release|Any CPU.Build.0 = Release|Any CPU
		{88D3717B-7E70-409D-88A9-10F3E78BCAE4}.Debug|Any CPU.ActiveCfg = Debug|Any CPU
		{88D3717B-7E70-409D-88A9-10F3E78BCAE4}.Debug|Any CPU.Build.0 = Debug|Any CPU
		{88D3717B-7E70-409D-88A9-10F3E78BCAE4}.Release|Any CPU.ActiveCfg = Release|Any CPU
		{88D3717B-7E70-409D-88A9-10F3E78BCAE4}.Release|Any CPU.Build.0 = Release|Any CPU
		{EFFC1048-64DE-40BF-806D-7C1AECCD3D12}.Debug|Any CPU.ActiveCfg = Debug|Any CPU
		{EFFC1048-64DE-40BF-806D-7C1AECCD3D12}.Debug|Any CPU.Build.0 = Debug|Any CPU
		{EFFC1048-64DE-40BF-806D-7C1AECCD3D12}.Release|Any CPU.ActiveCfg = Release|Any CPU
		{EFFC1048-64DE-40BF-806D-7C1AECCD3D12}.Release|Any CPU.Build.0 = Release|Any CPU
		{B6550E49-7CC6-4A19-967F-B69A26388A75}.Debug|Any CPU.ActiveCfg = Debug|Any CPU
		{B6550E49-7CC6-4A19-967F-B69A26388A75}.Debug|Any CPU.Build.0 = Debug|Any CPU
		{B6550E49-7CC6-4A19-967F-B69A26388A75}.Release|Any CPU.ActiveCfg = Release|Any CPU
		{B6550E49-7CC6-4A19-967F-B69A26388A75}.Release|Any CPU.Build.0 = Release|Any CPU
	EndGlobalSection
	GlobalSection(SolutionProperties) = preSolution
		HideSolutionNode = FALSE
	EndGlobalSection
	GlobalSection(NestedProjects) = preSolution
		{1CE178D9-A934-74EF-E018-FA0FFAE51C9F} = {996CEBED-A05B-5D42-3FF0-982E087A2599}
		{6DD56D3C-D265-64C5-0CA0-8C823F13E6B9} = {25D181DD-5CC9-F0B3-C64F-91E1AA77FD70}
		{E8D4C266-2F3B-B44C-61B8-6980326BD91D} = {809DC6B5-E81F-0E22-2970-83A1D55AAEA1}
		{81DF20AD-B579-BFE3-AF48-B9CE0CEB6977} = {5854FF58-B8C5-05C6-5BF2-ACE42193F22B}
		{C23F9B89-54F8-3372-ADBF-9F4A7E30287C} = {81DF20AD-B579-BFE3-AF48-B9CE0CEB6977}
		{1B81C115-E5C5-ACB9-E729-4F25C19E09D8} = {C23F9B89-54F8-3372-ADBF-9F4A7E30287C}
		{CFF7DF15-CF44-1ABD-5E3F-B658C0E8D036} = {81DF20AD-B579-BFE3-AF48-B9CE0CEB6977}
		{2D037532-F356-FE24-9BFA-C95F622BC395} = {CFF7DF15-CF44-1ABD-5E3F-B658C0E8D036}
		{36B6ECFB-1F21-AEBB-05A8-C42FB7F57C16} = {81DF20AD-B579-BFE3-AF48-B9CE0CEB6977}
		{378B44EF-78CE-67EF-36AA-90D9D3ED4C85} = {36B6ECFB-1F21-AEBB-05A8-C42FB7F57C16}
		{112D1549-81FF-2AB5-2573-E33346924026} = {5854FF58-B8C5-05C6-5BF2-ACE42193F22B}
		{00183EF7-C054-A486-0CD3-DABC62260123} = {112D1549-81FF-2AB5-2573-E33346924026}
		{FCBC098A-2686-19C3-CE19-5979E0313694} = {00183EF7-C054-A486-0CD3-DABC62260123}
		{B0E616E8-8BFE-E8B8-7702-87192DBA036C} = {112D1549-81FF-2AB5-2573-E33346924026}
		{FB6DB0CB-D04D-9884-920E-01CAD282DF0B} = {B0E616E8-8BFE-E8B8-7702-87192DBA036C}
		{553C1C6D-E3D7-2FC8-53C7-D70F7672805D} = {112D1549-81FF-2AB5-2573-E33346924026}
		{3AFFB3CF-ABB5-2C1A-5268-0C151A60898B} = {553C1C6D-E3D7-2FC8-53C7-D70F7672805D}
		{86F34B32-45CC-4D7F-A678-5A7F3ADAD0FA} = {5854FF58-B8C5-05C6-5BF2-ACE42193F22B}
		{D5D79B39-13EF-4693-90A5-8CBB8E31CB1F} = {86F34B32-45CC-4D7F-A678-5A7F3ADAD0FA}
		{E90224B5-7F77-4787-B5FB-D730F558E464} = {D5D79B39-13EF-4693-90A5-8CBB8E31CB1F}
		{24B5559F-480A-47B7-9978-B3126367A324} = {86F34B32-45CC-4D7F-A678-5A7F3ADAD0FA}
		{F3AFA30D-6B20-4893-B58E-65594B4CCE8C} = {24B5559F-480A-47B7-9978-B3126367A324}
		{13ADBDC9-C40C-4371-BC20-9655365D8DB2} = {86F34B32-45CC-4D7F-A678-5A7F3ADAD0FA}
		{6614E9C2-610B-4DEA-96D0-B575DD528C9A} = {13ADBDC9-C40C-4371-BC20-9655365D8DB2}
		{6BC48BEE-09D2-4F88-B98C-3F87E6262A63} = {5854FF58-B8C5-05C6-5BF2-ACE42193F22B}
		{BE6CDED5-24DF-42F8-AC88-D810EAFA2C93} = {6BC48BEE-09D2-4F88-B98C-3F87E6262A63}
		{F0E13830-4B23-41C9-926A-7A42180E1421} = {BE6CDED5-24DF-42F8-AC88-D810EAFA2C93}
		{B0C2DF04-1D4E-4DDD-B30B-2D01294576EE} = {6BC48BEE-09D2-4F88-B98C-3F87E6262A63}
		{A3616300-0697-46A9-86C5-2FB987DF6E12} = {B0C2DF04-1D4E-4DDD-B30B-2D01294576EE}
		{4FC0C1F1-BCAD-4CE3-AA3C-1CEEBFF788E7} = {6BC48BEE-09D2-4F88-B98C-3F87E6262A63}
		{28FCA396-A8BE-4368-B025-D005C10C5B94} = {4FC0C1F1-BCAD-4CE3-AA3C-1CEEBFF788E7}
		{E9D4AC60-F65E-46D3-8E58-46981754A2BD} = {5854FF58-B8C5-05C6-5BF2-ACE42193F22B}
		{F162B805-69CC-4A6D-A704-CBAC5D74AD32} = {E9D4AC60-F65E-46D3-8E58-46981754A2BD}
		{C787A9D5-E2E5-4BEC-94E4-20F2D998EBAA} = {F162B805-69CC-4A6D-A704-CBAC5D74AD32}
		{5FB9DD02-D18F-4C32-A7BB-13BCD172146C} = {E9D4AC60-F65E-46D3-8E58-46981754A2BD}
		{B5185B39-10E9-4EA9-841A-2BB941696877} = {5FB9DD02-D18F-4C32-A7BB-13BCD172146C}
		{5F5229B6-FD43-42D0-B54F-DB140CA1C65B} = {E9D4AC60-F65E-46D3-8E58-46981754A2BD}
		{B7FD2E9D-0C82-4291-9739-984681FC8DDA} = {5F5229B6-FD43-42D0-B54F-DB140CA1C65B}
		{1DFEAC03-CCDE-4F41-9C0B-08C953B3CA6F} = {5854FF58-B8C5-05C6-5BF2-ACE42193F22B}
		{30510A3B-C558-4DC7-8630-D8280B343BAB} = {1DFEAC03-CCDE-4F41-9C0B-08C953B3CA6F}
		{6D0C7B1E-2D06-44CE-9C3E-9F77CADC2B7C} = {30510A3B-C558-4DC7-8630-D8280B343BAB}
		{B5B804CC-2279-4355-92FD-A15A581FC6A8} = {1DFEAC03-CCDE-4F41-9C0B-08C953B3CA6F}
		{AD89AE01-15EC-479F-BC1D-578B70DE9F3F} = {B5B804CC-2279-4355-92FD-A15A581FC6A8}
		{8E4B9FA8-A6B8-46AC-A2BF-FEE44C930AF6} = {1DFEAC03-CCDE-4F41-9C0B-08C953B3CA6F}
		{51850860-2457-4499-B087-01BDC1208982} = {8E4B9FA8-A6B8-46AC-A2BF-FEE44C930AF6}
		{88D3717B-7E70-409D-88A9-10F3E78BCAE4} = {7A600105-5212-43D9-9852-789CF82CD319}
		{9AB9144C-96FE-4D75-80A1-62ABC5571D8E} = {5854FF58-B8C5-05C6-5BF2-ACE42193F22B}
		{273F9B19-AD48-4727-AB20-9F62968FFD3D} = {9AB9144C-96FE-4D75-80A1-62ABC5571D8E}
		{EFFC1048-64DE-40BF-806D-7C1AECCD3D12} = {273F9B19-AD48-4727-AB20-9F62968FFD3D}
		{A712A501-3C2C-4CB0-95D5-D9D53EAC253F} = {5854FF58-B8C5-05C6-5BF2-ACE42193F22B}
		{A5394856-8629-4F96-B7DB-990C6027918D} = {A712A501-3C2C-4CB0-95D5-D9D53EAC253F}
		{B6550E49-7CC6-4A19-967F-B69A26388A75} = {A5394856-8629-4F96-B7DB-990C6027918D}
	EndGlobalSection
	GlobalSection(ExtensibilityGlobals) = postSolution
		SolutionGuid = {5E515CFC-B33D-4789-BB0F-DFD9C335C07B}
	EndGlobalSection
EndGlobal
